name: Update flake.lock

on:
  workflow_dispatch: # allows manual triggering
  schedule:
    - cron: '0 0 * * 0' # runs weekly on Sunday at 00:00

jobs:
  update:
    runs-on: ubuntu-latest

    steps:
      - name: Set up Git repository
        uses: actions/checkout@v3

      - name: Install the Nix package manager
        uses: cachix/install-nix-action@v21

      - name: Update flake.lock
        uses: DeterminateSystems/update-flake-lock@v19
        with:
          pr-title: "Update flake.lock"
          commit-msg: "chore: update flake"
          pr-labels: |
            dependencies
          pr-assignees: GaelReyrol
          inputs: nixpkgs unstable
