{
  "nodes": {
    "home-manager": {
      "inputs": {
        "nixpkgs": [
          "nixpkgs"
        ],
        "utils": "utils"
      },
      "locked": {
        "lastModified": 1666558342,
        "narHash": "sha256-qiH0Zgig28yaSyebehrrYiX1y53Y/xFcQW+EFMRSVI0=",
        "owner": "nix-community",
        "repo": "home-manager",
        "rev": "186d9399f9eb64fb06ea4385732c1cf1624ae2b6",
        "type": "github"
      },
      "original": {
        "owner": "nix-community",
        "repo": "home-manager",
        "type": "github"
      }
    },
    "nixos-hardware": {
      "locked": {
        "lastModified": 1665987993,
        "narHash": "sha256-MvlaIYTRiqefG4dzI5p6vVCfl+9V8A1cPniUjcn6Ngc=",
        "owner": "NixOS",
        "repo": "nixos-hardware",
        "rev": "0e6593630071440eb89cd97a52921497482b22c6",
        "type": "github"
      },
      "original": {
        "owner": "NixOS",
        "repo": "nixos-hardware",
        "type": "github"
      }
    },
    "nixpkgs": {
      "locked": {
        "lastModified": 1666447894,
        "narHash": "sha256-i9WHX4w/et4qPMzEXd9POmnO0/bthjr7R4cblKNHGms=",
        "owner": "NixOS",
        "repo": "nixpkgs",
        "rev": "95aeaf83c247b8f5aa561684317ecd860476fcd6",
        "type": "github"
      },
      "original": {
        "owner": "NixOS",
        "ref": "nixos-unstable",
        "repo": "nixpkgs",
        "type": "github"
      }
    },
    "nur": {
      "locked": {
        "lastModified": 1666589536,
        "narHash": "sha256-SwakR8kmsGrcKGrGhVMyMno5Ga9btsxXW081NahpGQk=",
        "owner": "nix-community",
        "repo": "NUR",
        "rev": "4a421a1d3b0048e773550dd58d26d9ec536d4c97",
        "type": "github"
      },
      "original": {
        "owner": "nix-community",
        "repo": "NUR",
        "type": "github"
      }
    },
    "recisio": {
      "locked": {
        "lastModified": 1666595114,
        "narHash": "sha256-acK//d1eVc589skUcjmgngJaGJQuQm3TGdrvENjCi98=",
        "ref": "refs/heads/main",
        "rev": "8d11be41572bdebbb0326d92cebd286aaf765eb3",
        "revCount": 14,
        "type": "git",
        "url": "ssh://git@github.com/gaelreyrol/nixos-recisio"
      },
      "original": {
        "type": "git",
        "url": "ssh://git@github.com/gaelreyrol/nixos-recisio"
      }
    },
    "root": {
      "inputs": {
        "home-manager": "home-manager",
        "nixos-hardware": "nixos-hardware",
        "nixpkgs": "nixpkgs",
        "nur": "nur",
        "recisio": "recisio"
      }
    },
    "utils": {
      "locked": {
        "lastModified": 1659877975,
        "narHash": "sha256-zllb8aq3YO3h8B/U0/J1WBgAL8EX5yWf5pMj3G0NAmc=",
        "owner": "numtide",
        "repo": "flake-utils",
        "rev": "c0e246b9b83f637f4681389ecabcb2681b4f3af0",
        "type": "github"
      },
      "original": {
        "owner": "numtide",
        "repo": "flake-utils",
        "type": "github"
      }
    }
  },
  "root": "root",
  "version": 7
}
