{
  "nodes": {
    "home-manager": {
      "inputs": {
        "nixpkgs": [
          "nixpkgs"
        ],
        "utils": "utils"
      },
      "locked": {
        "lastModified": 1664217366,
        "narHash": "sha256-YsqVv0D4YIXjeaz37V4/aRZrkAtEMZpFTn+tduI5fAM=",
        "owner": "nix-community",
        "repo": "home-manager",
        "rev": "65b65ce5ef08d54bc09336fe3f35e33be487e2fe",
        "type": "github"
      },
      "original": {
        "owner": "nix-community",
        "repo": "home-manager",
        "type": "github"
      }
    },
    "nixos-hardware": {
      "locked": {
        "lastModified": 1663229557,
        "narHash": "sha256-1uU4nsDLXKG0AHc/VCsNBAEPkTA/07juYhcEWRb1O1E=",
        "owner": "NixOS",
        "repo": "nixos-hardware",
        "rev": "a0df6cd6e199df4a78c833c273781ea92fa62cfb",
        "type": "github"
      },
      "original": {
        "owner": "NixOS",
        "repo": "nixos-hardware",
        "type": "github"
      }
    },
    "nixpkgs": {
      "locked": {
        "lastModified": 1664106353,
        "narHash": "sha256-HMJP80+DSxFySpWyuxz5+iNozS3+dVt0b4n6YMIU5/8=",
        "owner": "NixOS",
        "repo": "nixpkgs",
        "rev": "79d3ca08920364759c63fd3eb562e99c0c17044a",
        "type": "github"
      },
      "original": {
        "owner": "NixOS",
        "ref": "nixos-unstable",
        "repo": "nixpkgs",
        "type": "github"
      }
    },
    "nur": {
      "locked": {
        "lastModified": 1664257721,
        "narHash": "sha256-Rau6a6ifp2uGj1Q1pOPFDPUDpR7yCcJtgsDHTnP8F8k=",
        "owner": "nix-community",
        "repo": "NUR",
        "rev": "462d4f5d83d674979e260c1911bcc8de5d9708d3",
        "type": "github"
      },
      "original": {
        "owner": "nix-community",
        "repo": "NUR",
        "type": "github"
      }
    },
    "recisio": {
      "locked": {
        "lastModified": 1660209844,
        "narHash": "sha256-W/XOtNdkqquFtgiVW1xt7q4nrfWcZl/cP/bHNzeu25Q=",
        "ref": "refs/heads/main",
        "rev": "a9cecee252eac7525f29ebe0c29ed1a3dd01fd58",
        "revCount": 13,
        "type": "git",
        "url": "ssh://git@github.com/gaelreyrol/nixos-recisio"
      },
      "original": {
        "type": "git",
        "url": "ssh://git@github.com/gaelreyrol/nixos-recisio"
      }
    },
    "root": {
      "inputs": {
        "home-manager": "home-manager",
        "nixos-hardware": "nixos-hardware",
        "nixpkgs": "nixpkgs",
        "nur": "nur",
        "recisio": "recisio"
      }
    },
    "utils": {
      "locked": {
        "lastModified": 1659877975,
        "narHash": "sha256-zllb8aq3YO3h8B/U0/J1WBgAL8EX5yWf5pMj3G0NAmc=",
        "owner": "numtide",
        "repo": "flake-utils",
        "rev": "c0e246b9b83f637f4681389ecabcb2681b4f3af0",
        "type": "github"
      },
      "original": {
        "owner": "numtide",
        "repo": "flake-utils",
        "type": "github"
      }
    }
  },
  "root": "root",
  "version": 7
}
